
Microsoft Visual Studio Solution File, Format Version 12.00
# Visual Studio Version 16
VisualStudioVersion = 16.0.30621.155
MinimumVisualStudioVersion = 10.0.40219.1
Project("{FAE04EC0-301F-11D3-BF4B-00C04F79EFBC}") = "Envelopes", "Envelopes.csproj", "{CC6C22BE-F719-4B85-8089-659C6806D1B2}"
EndProject
Global
	GlobalSection(SolutionConfigurationPlatforms) = preSolution
		Debug|Any CPU = Debug|Any CPU
		Release|Any CPU = Release|Any CPU
	EndGlobalSection
	GlobalSection(ProjectConfigurationPlatforms) = postSolution
		{CC6C22BE-F719-4B85-8089-659C6806D1B2}.Debug|Any CPU.ActiveCfg = Debug|Any CPU
		{CC6C22BE-F719-4B85-8089-659C6806D1B2}.Debug|Any CPU.Build.0 = Debug|Any CPU
		{CC6C22BE-F719-4B85-8089-659C6806D1B2}.Release|Any CPU.ActiveCfg = Release|Any CPU
		{CC6C22BE-F719-4B85-8089-659C6806D1B2}.Release|Any CPU.Build.0 = Release|Any CPU
	EndGlobalSection
	GlobalSection(SolutionProperties) = preSolution
		HideSolutionNode = FALSE
	EndGlobalSection
	GlobalSection(ExtensibilityGlobals) = postSolution
		SolutionGuid = {F29972E1-8B5A-4B56-8100-50CD620BDB47}
	EndGlobalSection
EndGlobal
